
Microsoft Visual Studio Solution File, Format Version 12.00
# Visual Studio 15
VisualStudioVersion = 15.0.26124.0
MinimumVisualStudioVersion = 15.0.26124.0
Project("{FAE04EC0-301F-11D3-BF4B-00C04F79EFBC}") = "Domain", "Domain\Domain.csproj", "{050D00D3-C72A-499F-8A32-E2F532891258}"
EndProject
Project("{FAE04EC0-301F-11D3-BF4B-00C04F79EFBC}") = "Web", "Web\Web.csproj", "{9BC98AA0-93B8-49EC-8C2E-591E3C6E3733}"
EndProject
Project("{FAE04EC0-301F-11D3-BF4B-00C04F79EFBC}") = "Concepts", "Concepts\Concepts.csproj", "{05691CFA-250A-4161-A48D-E8B8A2E49A17}"
EndProject
Project("{FAE04EC0-301F-11D3-BF4B-00C04F79EFBC}") = "Read", "Read\Read.csproj", "{52372F80-2F1A-4D6D-98D9-32BDB5C1B4E9}"
EndProject
Project("{FAE04EC0-301F-11D3-BF4B-00C04F79EFBC}") = "Events", "Events\Events.csproj", "{143665B8-B73A-4923-A0FD-73C2010980D0}"
EndProject
Global
	GlobalSection(SolutionConfigurationPlatforms) = preSolution
		Debug|Any CPU = Debug|Any CPU
		Debug|x64 = Debug|x64
		Debug|x86 = Debug|x86
		Release|Any CPU = Release|Any CPU
		Release|x64 = Release|x64
		Release|x86 = Release|x86
	EndGlobalSection
	GlobalSection(SolutionProperties) = preSolution
		HideSolutionNode = FALSE
	EndGlobalSection
	GlobalSection(ProjectConfigurationPlatforms) = postSolution
		{050D00D3-C72A-499F-8A32-E2F532891258}.Debug|Any CPU.ActiveCfg = Debug|Any CPU
		{050D00D3-C72A-499F-8A32-E2F532891258}.Debug|Any CPU.Build.0 = Debug|Any CPU
		{050D00D3-C72A-499F-8A32-E2F532891258}.Debug|x64.ActiveCfg = Debug|x64
		{050D00D3-C72A-499F-8A32-E2F532891258}.Debug|x64.Build.0 = Debug|x64
		{050D00D3-C72A-499F-8A32-E2F532891258}.Debug|x86.ActiveCfg = Debug|x86
		{050D00D3-C72A-499F-8A32-E2F532891258}.Debug|x86.Build.0 = Debug|x86
		{050D00D3-C72A-499F-8A32-E2F532891258}.Release|Any CPU.ActiveCfg = Release|Any CPU
		{050D00D3-C72A-499F-8A32-E2F532891258}.Release|Any CPU.Build.0 = Release|Any CPU
		{050D00D3-C72A-499F-8A32-E2F532891258}.Release|x64.ActiveCfg = Release|x64
		{050D00D3-C72A-499F-8A32-E2F532891258}.Release|x64.Build.0 = Release|x64
		{050D00D3-C72A-499F-8A32-E2F532891258}.Release|x86.ActiveCfg = Release|x86
		{050D00D3-C72A-499F-8A32-E2F532891258}.Release|x86.Build.0 = Release|x86
		{9BC98AA0-93B8-49EC-8C2E-591E3C6E3733}.Debug|Any CPU.ActiveCfg = Debug|Any CPU
		{9BC98AA0-93B8-49EC-8C2E-591E3C6E3733}.Debug|Any CPU.Build.0 = Debug|Any CPU
		{9BC98AA0-93B8-49EC-8C2E-591E3C6E3733}.Debug|x64.ActiveCfg = Debug|x64
		{9BC98AA0-93B8-49EC-8C2E-591E3C6E3733}.Debug|x64.Build.0 = Debug|x64
		{9BC98AA0-93B8-49EC-8C2E-591E3C6E3733}.Debug|x86.ActiveCfg = Debug|x86
		{9BC98AA0-93B8-49EC-8C2E-591E3C6E3733}.Debug|x86.Build.0 = Debug|x86
		{9BC98AA0-93B8-49EC-8C2E-591E3C6E3733}.Release|Any CPU.ActiveCfg = Release|Any CPU
		{9BC98AA0-93B8-49EC-8C2E-591E3C6E3733}.Release|Any CPU.Build.0 = Release|Any CPU
		{9BC98AA0-93B8-49EC-8C2E-591E3C6E3733}.Release|x64.ActiveCfg = Release|x64
		{9BC98AA0-93B8-49EC-8C2E-591E3C6E3733}.Release|x64.Build.0 = Release|x64
		{9BC98AA0-93B8-49EC-8C2E-591E3C6E3733}.Release|x86.ActiveCfg = Release|x86
		{9BC98AA0-93B8-49EC-8C2E-591E3C6E3733}.Release|x86.Build.0 = Release|x86
		{05691CFA-250A-4161-A48D-E8B8A2E49A17}.Debug|Any CPU.ActiveCfg = Debug|Any CPU
		{05691CFA-250A-4161-A48D-E8B8A2E49A17}.Debug|Any CPU.Build.0 = Debug|Any CPU
		{05691CFA-250A-4161-A48D-E8B8A2E49A17}.Debug|x64.ActiveCfg = Debug|x64
		{05691CFA-250A-4161-A48D-E8B8A2E49A17}.Debug|x64.Build.0 = Debug|x64
		{05691CFA-250A-4161-A48D-E8B8A2E49A17}.Debug|x86.ActiveCfg = Debug|x86
		{05691CFA-250A-4161-A48D-E8B8A2E49A17}.Debug|x86.Build.0 = Debug|x86
		{05691CFA-250A-4161-A48D-E8B8A2E49A17}.Release|Any CPU.ActiveCfg = Release|Any CPU
		{05691CFA-250A-4161-A48D-E8B8A2E49A17}.Release|Any CPU.Build.0 = Release|Any CPU
		{05691CFA-250A-4161-A48D-E8B8A2E49A17}.Release|x64.ActiveCfg = Release|x64
		{05691CFA-250A-4161-A48D-E8B8A2E49A17}.Release|x64.Build.0 = Release|x64
		{05691CFA-250A-4161-A48D-E8B8A2E49A17}.Release|x86.ActiveCfg = Release|x86
		{05691CFA-250A-4161-A48D-E8B8A2E49A17}.Release|x86.Build.0 = Release|x86
		{52372F80-2F1A-4D6D-98D9-32BDB5C1B4E9}.Debug|Any CPU.ActiveCfg = Debug|Any CPU
		{52372F80-2F1A-4D6D-98D9-32BDB5C1B4E9}.Debug|Any CPU.Build.0 = Debug|Any CPU
		{52372F80-2F1A-4D6D-98D9-32BDB5C1B4E9}.Debug|x64.ActiveCfg = Debug|x64
		{52372F80-2F1A-4D6D-98D9-32BDB5C1B4E9}.Debug|x64.Build.0 = Debug|x64
		{52372F80-2F1A-4D6D-98D9-32BDB5C1B4E9}.Debug|x86.ActiveCfg = Debug|x86
		{52372F80-2F1A-4D6D-98D9-32BDB5C1B4E9}.Debug|x86.Build.0 = Debug|x86
		{52372F80-2F1A-4D6D-98D9-32BDB5C1B4E9}.Release|Any CPU.ActiveCfg = Release|Any CPU
		{52372F80-2F1A-4D6D-98D9-32BDB5C1B4E9}.Release|Any CPU.Build.0 = Release|Any CPU
		{52372F80-2F1A-4D6D-98D9-32BDB5C1B4E9}.Release|x64.ActiveCfg = Release|x64
		{52372F80-2F1A-4D6D-98D9-32BDB5C1B4E9}.Release|x64.Build.0 = Release|x64
		{52372F80-2F1A-4D6D-98D9-32BDB5C1B4E9}.Release|x86.ActiveCfg = Release|x86
		{52372F80-2F1A-4D6D-98D9-32BDB5C1B4E9}.Release|x86.Build.0 = Release|x86
		{143665B8-B73A-4923-A0FD-73C2010980D0}.Debug|Any CPU.ActiveCfg = Debug|Any CPU
		{143665B8-B73A-4923-A0FD-73C2010980D0}.Debug|Any CPU.Build.0 = Debug|Any CPU
		{143665B8-B73A-4923-A0FD-73C2010980D0}.Debug|x64.ActiveCfg = Debug|x64
		{143665B8-B73A-4923-A0FD-73C2010980D0}.Debug|x64.Build.0 = Debug|x64
		{143665B8-B73A-4923-A0FD-73C2010980D0}.Debug|x86.ActiveCfg = Debug|x86
		{143665B8-B73A-4923-A0FD-73C2010980D0}.Debug|x86.Build.0 = Debug|x86
		{143665B8-B73A-4923-A0FD-73C2010980D0}.Release|Any CPU.ActiveCfg = Release|Any CPU
		{143665B8-B73A-4923-A0FD-73C2010980D0}.Release|Any CPU.Build.0 = Release|Any CPU
		{143665B8-B73A-4923-A0FD-73C2010980D0}.Release|x64.ActiveCfg = Release|x64
		{143665B8-B73A-4923-A0FD-73C2010980D0}.Release|x64.Build.0 = Release|x64
		{143665B8-B73A-4923-A0FD-73C2010980D0}.Release|x86.ActiveCfg = Release|x86
		{143665B8-B73A-4923-A0FD-73C2010980D0}.Release|x86.Build.0 = Release|x86
	EndGlobalSection
EndGlobal
